
Microsoft Visual Studio Solution File, Format Version 12.00
# Visual Studio Version 17
VisualStudioVersion = 17.6.33712.159
MinimumVisualStudioVersion = 10.0.40219.1
Project("{FAE04EC0-301F-11D3-BF4B-00C04F79EFBC}") = "StockTrading.WebAPI", "StockTrading.WebAPI\StockTrading.WebAPI.csproj", "{01FDB550-07BE-4729-B8B8-C6E03EF69B45}"
EndProject
Project("{FAE04EC0-301F-11D3-BF4B-00C04F79EFBC}") = "StockTrading.Infrastructure", "StockTrading.Infrastructure\StockTrading.Infrastructure.csproj", "{C02DFDCB-7F8E-4404-B055-DC2BE11CB568}"
EndProject
Project("{FAE04EC0-301F-11D3-BF4B-00C04F79EFBC}") = "StockTrading.Core", "StockTrading.Core\StockTrading.Core.csproj", "{0869784B-0A75-49B5-8692-30773A9B9F39}"
EndProject
Global
	GlobalSection(SolutionConfigurationPlatforms) = preSolution
		Debug|Any CPU = Debug|Any CPU
		Release|Any CPU = Release|Any CPU
	EndGlobalSection
	GlobalSection(ProjectConfigurationPlatforms) = postSolution
		{01FDB550-07BE-4729-B8B8-C6E03EF69B45}.Debug|Any CPU.ActiveCfg = Debug|Any CPU
		{01FDB550-07BE-4729-B8B8-C6E03EF69B45}.Debug|Any CPU.Build.0 = Debug|Any CPU
		{01FDB550-07BE-4729-B8B8-C6E03EF69B45}.Release|Any CPU.ActiveCfg = Release|Any CPU
		{01FDB550-07BE-4729-B8B8-C6E03EF69B45}.Release|Any CPU.Build.0 = Release|Any CPU
		{C02DFDCB-7F8E-4404-B055-DC2BE11CB568}.Debug|Any CPU.ActiveCfg = Debug|Any CPU
		{C02DFDCB-7F8E-4404-B055-DC2BE11CB568}.Debug|Any CPU.Build.0 = Debug|Any CPU
		{C02DFDCB-7F8E-4404-B055-DC2BE11CB568}.Release|Any CPU.ActiveCfg = Release|Any CPU
		{C02DFDCB-7F8E-4404-B055-DC2BE11CB568}.Release|Any CPU.Build.0 = Release|Any CPU
		{0869784B-0A75-49B5-8692-30773A9B9F39}.Debug|Any CPU.ActiveCfg = Debug|Any CPU
		{0869784B-0A75-49B5-8692-30773A9B9F39}.Debug|Any CPU.Build.0 = Debug|Any CPU
		{0869784B-0A75-49B5-8692-30773A9B9F39}.Release|Any CPU.ActiveCfg = Release|Any CPU
		{0869784B-0A75-49B5-8692-30773A9B9F39}.Release|Any CPU.Build.0 = Release|Any CPU
	EndGlobalSection
	GlobalSection(SolutionProperties) = preSolution
		HideSolutionNode = FALSE
	EndGlobalSection
	GlobalSection(ExtensibilityGlobals) = postSolution
		SolutionGuid = {AA244CC0-CEC1-4A8B-A317-5460D685D187}
	EndGlobalSection
EndGlobal
